PODS:
  - composeApp (1.0)
  - Mixpanel (5.0.8)

DEPENDENCIES:
  - composeApp (from `../composeApp`)
  - Mixpanel (= 5.0.8)

SPEC REPOS:
  trunk:
    - Mixpanel

EXTERNAL SOURCES:
  composeApp:
    :path: "../composeApp"

SPEC CHECKSUMS:
  composeApp: 4c615fc9baa2686b8026607cac8f4e46a1c89f20
  Mixpanel: 9337782610693ef36b8f6ab531493201825f1dd6

PODFILE CHECKSUM: 8b1c901834ee6975ef9f25f16d8ca9e2f6ea1bcc

COCOAPODS: 1.16.2
